// !$*UTF8*$!
{
	archiveVersion = 1;
	classes = {
	};
	objectVersion = 56;
	objects = {

/* Begin PBXBuildFile section */
		931AB3302A12AAFB009F7A2D /* AppDelegate.swift in Sources */ = {isa = PBXBuildFile; fileRef = 931AB32F2A12AAFB009F7A2D /* AppDelegate.swift */; };
		931AB3322A12AAFB009F7A2D /* SceneDelegate.swift in Sources */ = {isa = PBXBuildFile; fileRef = 931AB3312A12AAFB009F7A2D /* SceneDelegate.swift */; };
		931AB3392A12AAFC009F7A2D /* Assets.xcassets in Resources */ = {isa = PBXBuildFile; fileRef = 931AB3382A12AAFC009F7A2D /* Assets.xcassets */; };
		931AB33C2A12AAFC009F7A2D /* LaunchScreen.storyboard in Resources */ = {isa = PBXBuildFile; fileRef = 931AB33A2A12AAFC009F7A2D /* LaunchScreen.storyboard */; };
		931AB3472A12AAFC009F7A2D /* VoiceSearchTests.swift in Sources */ = {isa = PBXBuildFile; fileRef = 931AB3462A12AAFC009F7A2D /* VoiceSearchTests.swift */; };
		931AB3512A12AAFC009F7A2D /* VoiceSearchUITests.swift in Sources */ = {isa = PBXBuildFile; fileRef = 931AB3502A12AAFC009F7A2D /* VoiceSearchUITests.swift */; };
		931AB3532A12AAFC009F7A2D /* VoiceSearchUITestsLaunchTests.swift in Sources */ = {isa = PBXBuildFile; fileRef = 931AB3522A12AAFC009F7A2D /* VoiceSearchUITestsLaunchTests.swift */; };
		93A916932A1428AB00F7831A /* VoiceSearchModal.swift in Sources */ = {isa = PBXBuildFile; fileRef = 93A916922A1428AB00F7831A /* VoiceSearchModal.swift */; };
		93A916952A14294E00F7831A /* VoiceSearchModal.xib in Resources */ = {isa = PBXBuildFile; fileRef = 93A916942A14294E00F7831A /* VoiceSearchModal.xib */; };
		93B7A75E2A12B23100B4DA38 /* VehicleListViewController.swift in Sources */ = {isa = PBXBuildFile; fileRef = 93B7A75D2A12B23100B4DA38 /* VehicleListViewController.swift */; };
		93B7A7602A12B24B00B4DA38 /* VehicleListViewController.storyboard in Resources */ = {isa = PBXBuildFile; fileRef = 93B7A75F2A12B24B00B4DA38 /* VehicleListViewController.storyboard */; };
		93E73D852A12BC6D00BD633C /* VehicleCell.swift in Sources */ = {isa = PBXBuildFile; fileRef = 93E73D842A12BC6D00BD633C /* VehicleCell.swift */; };
		93E73D872A12C47800BD633C /* VehicleListViewModel.swift in Sources */ = {isa = PBXBuildFile; fileRef = 93E73D862A12C47800BD633C /* VehicleListViewModel.swift */; };
		93E73D892A12CD5A00BD633C /* Vehicle.swift in Sources */ = {isa = PBXBuildFile; fileRef = 93E73D882A12CD5A00BD633C /* Vehicle.swift */; };
		93E73D8C2A12CF2E00BD633C /* WebServices.swift in Sources */ = {isa = PBXBuildFile; fileRef = 93E73D8B2A12CF2E00BD633C /* WebServices.swift */; };
/* End PBXBuildFile section */

/* Begin PBXContainerItemProxy section */
		931AB3432A12AAFC009F7A2D /* PBXContainerItemProxy */ = {
			isa = PBXContainerItemProxy;
			containerPortal = 931AB3242A12AAFB009F7A2D /* Project object */;
			proxyType = 1;
			remoteGlobalIDString = 931AB32B2A12AAFB009F7A2D;
			remoteInfo = VoiceSearch;
		};
		931AB34D2A12AAFC009F7A2D /* PBXContainerItemProxy */ = {
			isa = PBXContainerItemProxy;
			containerPortal = 931AB3242A12AAFB009F7A2D /* Project object */;
			proxyType = 1;
			remoteGlobalIDString = 931AB32B2A12AAFB009F7A2D;
			remoteInfo = VoiceSearch;
		};
/* End PBXContainerItemProxy section */

/* Begin PBXFileReference section */
		931AB32C2A12AAFB009F7A2D /* VoiceSearch.app */ = {isa = PBXFileReference; explicitFileType = wrapper.application; includeInIndex = 0; path = VoiceSearch.app; sourceTree = BUILT_PRODUCTS_DIR; };
		931AB32F2A12AAFB009F7A2D /* AppDelegate.swift */ = {isa = PBXFileReference; lastKnownFileType = sourcecode.swift; path = AppDelegate.swift; sourceTree = "<group>"; };
		931AB3312A12AAFB009F7A2D /* SceneDelegate.swift */ = {isa = PBXFileReference; lastKnownFileType = sourcecode.swift; path = SceneDelegate.swift; sourceTree = "<group>"; };
		931AB3382A12AAFC009F7A2D /* Assets.xcassets */ = {isa = PBXFileReference; lastKnownFileType = folder.assetcatalog; path = Assets.xcassets; sourceTree = "<group>"; };
		931AB33B2A12AAFC009F7A2D /* Base */ = {isa = PBXFileReference; lastKnownFileType = file.storyboard; name = Base; path = Base.lproj/LaunchScreen.storyboard; sourceTree = "<group>"; };
		931AB33D2A12AAFC009F7A2D /* Info.plist */ = {isa = PBXFileReference; lastKnownFileType = text.plist.xml; path = Info.plist; sourceTree = "<group>"; };
		931AB3422A12AAFC009F7A2D /* VoiceSearchTests.xctest */ = {isa = PBXFileReference; explicitFileType = wrapper.cfbundle; includeInIndex = 0; path = VoiceSearchTests.xctest; sourceTree = BUILT_PRODUCTS_DIR; };
		931AB3462A12AAFC009F7A2D /* VoiceSearchTests.swift */ = {isa = PBXFileReference; lastKnownFileType = sourcecode.swift; path = VoiceSearchTests.swift; sourceTree = "<group>"; };
		931AB34C2A12AAFC009F7A2D /* VoiceSearchUITests.xctest */ = {isa = PBXFileReference; explicitFileType = wrapper.cfbundle; includeInIndex = 0; path = VoiceSearchUITests.xctest; sourceTree = BUILT_PRODUCTS_DIR; };
		931AB3502A12AAFC009F7A2D /* VoiceSearchUITests.swift */ = {isa = PBXFileReference; lastKnownFileType = sourcecode.swift; path = VoiceSearchUITests.swift; sourceTree = "<group>"; };
		931AB3522A12AAFC009F7A2D /* VoiceSearchUITestsLaunchTests.swift */ = {isa = PBXFileReference; lastKnownFileType = sourcecode.swift; path = VoiceSearchUITestsLaunchTests.swift; sourceTree = "<group>"; };
		93A916922A1428AB00F7831A /* VoiceSearchModal.swift */ = {isa = PBXFileReference; lastKnownFileType = sourcecode.swift; path = VoiceSearchModal.swift; sourceTree = "<group>"; };
		93A916942A14294E00F7831A /* VoiceSearchModal.xib */ = {isa = PBXFileReference; lastKnownFileType = file.xib; path = VoiceSearchModal.xib; sourceTree = "<group>"; };
		93B7A75D2A12B23100B4DA38 /* VehicleListViewController.swift */ = {isa = PBXFileReference; lastKnownFileType = sourcecode.swift; path = VehicleListViewController.swift; sourceTree = "<group>"; };
		93B7A75F2A12B24B00B4DA38 /* VehicleListViewController.storyboard */ = {isa = PBXFileReference; lastKnownFileType = file.storyboard; path = VehicleListViewController.storyboard; sourceTree = "<group>"; };
		93E73D842A12BC6D00BD633C /* VehicleCell.swift */ = {isa = PBXFileReference; lastKnownFileType = sourcecode.swift; path = VehicleCell.swift; sourceTree = "<group>"; };
		93E73D862A12C47800BD633C /* VehicleListViewModel.swift */ = {isa = PBXFileReference; lastKnownFileType = sourcecode.swift; path = VehicleListViewModel.swift; sourceTree = "<group>"; };
		93E73D882A12CD5A00BD633C /* Vehicle.swift */ = {isa = PBXFileReference; lastKnownFileType = sourcecode.swift; path = Vehicle.swift; sourceTree = "<group>"; };
		93E73D8B2A12CF2E00BD633C /* WebServices.swift */ = {isa = PBXFileReference; lastKnownFileType = sourcecode.swift; path = WebServices.swift; sourceTree = "<group>"; };
/* End PBXFileReference section */

/* Begin PBXFrameworksBuildPhase section */
		931AB3292A12AAFB009F7A2D /* Frameworks */ = {
			isa = PBXFrameworksBuildPhase;
			buildActionMask = 2147483647;
			files = (
			);
			runOnlyForDeploymentPostprocessing = 0;
		};
		931AB33F2A12AAFC009F7A2D /* Frameworks */ = {
			isa = PBXFrameworksBuildPhase;
			buildActionMask = 2147483647;
			files = (
			);
			runOnlyForDeploymentPostprocessing = 0;
		};
		931AB3492A12AAFC009F7A2D /* Frameworks */ = {
			isa = PBXFrameworksBuildPhase;
			buildActionMask = 2147483647;
			files = (
			);
			runOnlyForDeploymentPostprocessing = 0;
		};
/* End PBXFrameworksBuildPhase section */

/* Begin PBXGroup section */
		931AB3232A12AAFB009F7A2D = {
			isa = PBXGroup;
			children = (
				931AB32E2A12AAFB009F7A2D /* VoiceSearch */,
				931AB3452A12AAFC009F7A2D /* VoiceSearchTests */,
				931AB34F2A12AAFC009F7A2D /* VoiceSearchUITests */,
				931AB32D2A12AAFB009F7A2D /* Products */,
			);
			sourceTree = "<group>";
		};
		931AB32D2A12AAFB009F7A2D /* Products */ = {
			isa = PBXGroup;
			children = (
				931AB32C2A12AAFB009F7A2D /* VoiceSearch.app */,
				931AB3422A12AAFC009F7A2D /* VoiceSearchTests.xctest */,
				931AB34C2A12AAFC009F7A2D /* VoiceSearchUITests.xctest */,
			);
			name = Products;
			sourceTree = "<group>";
		};
		931AB32E2A12AAFB009F7A2D /* VoiceSearch */ = {
			isa = PBXGroup;
			children = (
				93E73D8A2A12CF2500BD633C /* Services */,
				931AB3612A12AB7B009F7A2D /* Model */,
				931AB3602A12AB70009F7A2D /* ViewModel */,
				931AB35F2A12AB65009F7A2D /* ViewController */,
				931AB32F2A12AAFB009F7A2D /* AppDelegate.swift */,
				931AB3312A12AAFB009F7A2D /* SceneDelegate.swift */,
				931AB3382A12AAFC009F7A2D /* Assets.xcassets */,
				931AB33A2A12AAFC009F7A2D /* LaunchScreen.storyboard */,
				931AB33D2A12AAFC009F7A2D /* Info.plist */,
			);
			path = VoiceSearch;
			sourceTree = "<group>";
		};
		931AB3452A12AAFC009F7A2D /* VoiceSearchTests */ = {
			isa = PBXGroup;
			children = (
				931AB3462A12AAFC009F7A2D /* VoiceSearchTests.swift */,
			);
			path = VoiceSearchTests;
			sourceTree = "<group>";
		};
		931AB34F2A12AAFC009F7A2D /* VoiceSearchUITests */ = {
			isa = PBXGroup;
			children = (
				931AB3502A12AAFC009F7A2D /* VoiceSearchUITests.swift */,
				931AB3522A12AAFC009F7A2D /* VoiceSearchUITestsLaunchTests.swift */,
			);
			path = VoiceSearchUITests;
			sourceTree = "<group>";
		};
		931AB35F2A12AB65009F7A2D /* ViewController */ = {
			isa = PBXGroup;
			children = (
				93E73D832A12BC5800BD633C /* CustomCell */,
				93E73D822A12BC4700BD633C /* VehicleList */,
			);
			path = ViewController;
			sourceTree = "<group>";
		};
		931AB3602A12AB70009F7A2D /* ViewModel */ = {
			isa = PBXGroup;
			children = (
				93E73D862A12C47800BD633C /* VehicleListViewModel.swift */,
			);
			path = ViewModel;
			sourceTree = "<group>";
		};
		931AB3612A12AB7B009F7A2D /* Model */ = {
			isa = PBXGroup;
			children = (
				93E73D882A12CD5A00BD633C /* Vehicle.swift */,
			);
			path = Model;
			sourceTree = "<group>";
		};
		93A9168F2A14285400F7831A /* VoiceSearchModal */ = {
			isa = PBXGroup;
			children = (
				93A916922A1428AB00F7831A /* VoiceSearchModal.swift */,
				93A916942A14294E00F7831A /* VoiceSearchModal.xib */,
			);
			path = VoiceSearchModal;
			sourceTree = "<group>";
		};
		93E73D822A12BC4700BD633C /* VehicleList */ = {
			isa = PBXGroup;
			children = (
				93A9168F2A14285400F7831A /* VoiceSearchModal */,
				93B7A75F2A12B24B00B4DA38 /* VehicleListViewController.storyboard */,
				93B7A75D2A12B23100B4DA38 /* VehicleListViewController.swift */,
			);
			path = VehicleList;
			sourceTree = "<group>";
		};
		93E73D832A12BC5800BD633C /* CustomCell */ = {
			isa = PBXGroup;
			children = (
				93E73D842A12BC6D00BD633C /* VehicleCell.swift */,
			);
			path = CustomCell;
			sourceTree = "<group>";
		};
		93E73D8A2A12CF2500BD633C /* Services */ = {
			isa = PBXGroup;
			children = (
				93E73D8B2A12CF2E00BD633C /* WebServices.swift */,
			);
			path = Services;
			sourceTree = "<group>";
		};
/* End PBXGroup section */

/* Begin PBXNativeTarget section */
		931AB32B2A12AAFB009F7A2D /* VoiceSearch */ = {
			isa = PBXNativeTarget;
			buildConfigurationList = 931AB3562A12AAFC009F7A2D /* Build configuration list for PBXNativeTarget "VoiceSearch" */;
			buildPhases = (
				931AB3282A12AAFB009F7A2D /* Sources */,
				931AB3292A12AAFB009F7A2D /* Frameworks */,
				931AB32A2A12AAFB009F7A2D /* Resources */,
			);
			buildRules = (
			);
			dependencies = (
			);
			name = VoiceSearch;
			productName = VoiceSearch;
			productReference = 931AB32C2A12AAFB009F7A2D /* VoiceSearch.app */;
			productType = "com.apple.product-type.application";
		};
		931AB3412A12AAFC009F7A2D /* VoiceSearchTests */ = {
			isa = PBXNativeTarget;
			buildConfigurationList = 931AB3592A12AAFC009F7A2D /* Build configuration list for PBXNativeTarget "VoiceSearchTests" */;
			buildPhases = (
				931AB33E2A12AAFC009F7A2D /* Sources */,
				931AB33F2A12AAFC009F7A2D /* Frameworks */,
				931AB3402A12AAFC009F7A2D /* Resources */,
			);
			buildRules = (
			);
			dependencies = (
				931AB3442A12AAFC009F7A2D /* PBXTargetDependency */,
			);
			name = VoiceSearchTests;
			productName = VoiceSearchTests;
			productReference = 931AB3422A12AAFC009F7A2D /* VoiceSearchTests.xctest */;
			productType = "com.apple.product-type.bundle.unit-test";
		};
		931AB34B2A12AAFC009F7A2D /* VoiceSearchUITests */ = {
			isa = PBXNativeTarget;
			buildConfigurationList = 931AB35C2A12AAFC009F7A2D /* Build configuration list for PBXNativeTarget "VoiceSearchUITests" */;
			buildPhases = (
				931AB3482A12AAFC009F7A2D /* Sources */,
				931AB3492A12AAFC009F7A2D /* Frameworks */,
				931AB34A2A12AAFC009F7A2D /* Resources */,
			);
			buildRules = (
			);
			dependencies = (
				931AB34E2A12AAFC009F7A2D /* PBXTargetDependency */,
			);
			name = VoiceSearchUITests;
			productName = VoiceSearchUITests;
			productReference = 931AB34C2A12AAFC009F7A2D /* VoiceSearchUITests.xctest */;
			productType = "com.apple.product-type.bundle.ui-testing";
		};
/* End PBXNativeTarget section */

/* Begin PBXProject section */
		931AB3242A12AAFB009F7A2D /* Project object */ = {
			isa = PBXProject;
			attributes = {
				BuildIndependentTargetsInParallel = 1;
				LastSwiftUpdateCheck = 1410;
				LastUpgradeCheck = 1410;
				TargetAttributes = {
					931AB32B2A12AAFB009F7A2D = {
						CreatedOnToolsVersion = 14.1;
					};
					931AB3412A12AAFC009F7A2D = {
						CreatedOnToolsVersion = 14.1;
						TestTargetID = 931AB32B2A12AAFB009F7A2D;
					};
					931AB34B2A12AAFC009F7A2D = {
						CreatedOnToolsVersion = 14.1;
						TestTargetID = 931AB32B2A12AAFB009F7A2D;
					};
				};
			};
			buildConfigurationList = 931AB3272A12AAFB009F7A2D /* Build configuration list for PBXProject "VoiceSearch" */;
			compatibilityVersion = "Xcode 14.0";
			developmentRegion = en;
			hasScannedForEncodings = 0;
			knownRegions = (
				en,
				Base,
			);
			mainGroup = 931AB3232A12AAFB009F7A2D;
			productRefGroup = 931AB32D2A12AAFB009F7A2D /* Products */;
			projectDirPath = "";
			projectRoot = "";
			targets = (
				931AB32B2A12AAFB009F7A2D /* VoiceSearch */,
				931AB3412A12AAFC009F7A2D /* VoiceSearchTests */,
				931AB34B2A12AAFC009F7A2D /* VoiceSearchUITests */,
			);
		};
/* End PBXProject section */

/* Begin PBXResourcesBuildPhase section */
		931AB32A2A12AAFB009F7A2D /* Resources */ = {
			isa = PBXResourcesBuildPhase;
			buildActionMask = 2147483647;
			files = (
				931AB33C2A12AAFC009F7A2D /* LaunchScreen.storyboard in Resources */,
				93B7A7602A12B24B00B4DA38 /* VehicleListViewController.storyboard in Resources */,
				93A916952A14294E00F7831A /* VoiceSearchModal.xib in Resources */,
				931AB3392A12AAFC009F7A2D /* Assets.xcassets in Resources */,
			);
			runOnlyForDeploymentPostprocessing = 0;
		};
		931AB3402A12AAFC009F7A2D /* Resources */ = {
			isa = PBXResourcesBuildPhase;
			buildActionMask = 2147483647;
			files = (
			);
			runOnlyForDeploymentPostprocessing = 0;
		};
		931AB34A2A12AAFC009F7A2D /* Resources */ = {
			isa = PBXResourcesBuildPhase;
			buildActionMask = 2147483647;
			files = (
			);
			runOnlyForDeploymentPostprocessing = 0;
		};
/* End PBXResourcesBuildPhase section */

/* Begin PBXSourcesBuildPhase section */
		931AB3282A12AAFB009F7A2D /* Sources */ = {
			isa = PBXSourcesBuildPhase;
			buildActionMask = 2147483647;
			files = (
				93E73D892A12CD5A00BD633C /* Vehicle.swift in Sources */,
				93E73D852A12BC6D00BD633C /* VehicleCell.swift in Sources */,
				93A916932A1428AB00F7831A /* VoiceSearchModal.swift in Sources */,
				93E73D8C2A12CF2E00BD633C /* WebServices.swift in Sources */,
				93E73D872A12C47800BD633C /* VehicleListViewModel.swift in Sources */,
				93B7A75E2A12B23100B4DA38 /* VehicleListViewController.swift in Sources */,
				931AB3302A12AAFB009F7A2D /* AppDelegate.swift in Sources */,
				931AB3322A12AAFB009F7A2D /* SceneDelegate.swift in Sources */,
			);
			runOnlyForDeploymentPostprocessing = 0;
		};
		931AB33E2A12AAFC009F7A2D /* Sources */ = {
			isa = PBXSourcesBuildPhase;
			buildActionMask = 2147483647;
			files = (
				931AB3472A12AAFC009F7A2D /* VoiceSearchTests.swift in Sources */,
			);
			runOnlyForDeploymentPostprocessing = 0;
		};
		931AB3482A12AAFC009F7A2D /* Sources */ = {
			isa = PBXSourcesBuildPhase;
			buildActionMask = 2147483647;
			files = (
				931AB3512A12AAFC009F7A2D /* VoiceSearchUITests.swift in Sources */,
				931AB3532A12AAFC009F7A2D /* VoiceSearchUITestsLaunchTests.swift in Sources */,
			);
			runOnlyForDeploymentPostprocessing = 0;
		};
/* End PBXSourcesBuildPhase section */

/* Begin PBXTargetDependency section */
		931AB3442A12AAFC009F7A2D /* PBXTargetDependency */ = {
			isa = PBXTargetDependency;
			target = 931AB32B2A12AAFB009F7A2D /* VoiceSearch */;
			targetProxy = 931AB3432A12AAFC009F7A2D /* PBXContainerItemProxy */;
		};
		931AB34E2A12AAFC009F7A2D /* PBXTargetDependency */ = {
			isa = PBXTargetDependency;
			target = 931AB32B2A12AAFB009F7A2D /* VoiceSearch */;
			targetProxy = 931AB34D2A12AAFC009F7A2D /* PBXContainerItemProxy */;
		};
/* End PBXTargetDependency section */

/* Begin PBXVariantGroup section */
		931AB33A2A12AAFC009F7A2D /* LaunchScreen.storyboard */ = {
			isa = PBXVariantGroup;
			children = (
				931AB33B2A12AAFC009F7A2D /* Base */,
			);
			name = LaunchScreen.storyboard;
			sourceTree = "<group>";
		};
/* End PBXVariantGroup section */

/* Begin XCBuildConfiguration section */
		931AB3542A12AAFC009F7A2D /* Debug */ = {
			isa = XCBuildConfiguration;
			buildSettings = {
				ALWAYS_SEARCH_USER_PATHS = NO;
				CLANG_ANALYZER_NONNULL = YES;
				CLANG_ANALYZER_NUMBER_OBJECT_CONVERSION = YES_AGGRESSIVE;
				CLANG_CXX_LANGUAGE_STANDARD = "gnu++20";
				CLANG_ENABLE_MODULES = YES;
				CLANG_ENABLE_OBJC_ARC = YES;
				CLANG_ENABLE_OBJC_WEAK = YES;
				CLANG_WARN_BLOCK_CAPTURE_AUTORELEASING = YES;
				CLANG_WARN_BOOL_CONVERSION = YES;
				CLANG_WARN_COMMA = YES;
				CLANG_WARN_CONSTANT_CONVERSION = YES;
				CLANG_WARN_DEPRECATED_OBJC_IMPLEMENTATIONS = YES;
				CLANG_WARN_DIRECT_OBJC_ISA_USAGE = YES_ERROR;
				CLANG_WARN_DOCUMENTATION_COMMENTS = YES;
				CLANG_WARN_EMPTY_BODY = YES;
				CLANG_WARN_ENUM_CONVERSION = YES;
				CLANG_WARN_INFINITE_RECURSION = YES;
				CLANG_WARN_INT_CONVERSION = YES;
				CLANG_WARN_NON_LITERAL_NULL_CONVERSION = YES;
				CLANG_WARN_OBJC_IMPLICIT_RETAIN_SELF = YES;
				CLANG_WARN_OBJC_LITERAL_CONVERSION = YES;
				CLANG_WARN_OBJC_ROOT_CLASS = YES_ERROR;
				CLANG_WARN_QUOTED_INCLUDE_IN_FRAMEWORK_HEADER = YES;
				CLANG_WARN_RANGE_LOOP_ANALYSIS = YES;
				CLANG_WARN_STRICT_PROTOTYPES = YES;
				CLANG_WARN_SUSPICIOUS_MOVE = YES;
				CLANG_WARN_UNGUARDED_AVAILABILITY = YES_AGGRESSIVE;
				CLANG_WARN_UNREACHABLE_CODE = YES;
				CLANG_WARN__DUPLICATE_METHOD_MATCH = YES;
				COPY_PHASE_STRIP = NO;
				DEBUG_INFORMATION_FORMAT = dwarf;
				ENABLE_STRICT_OBJC_MSGSEND = YES;
				ENABLE_TESTABILITY = YES;
				GCC_C_LANGUAGE_STANDARD = gnu11;
				GCC_DYNAMIC_NO_PIC = NO;
				GCC_NO_COMMON_BLOCKS = YES;
				GCC_OPTIMIZATION_LEVEL = 0;
				GCC_PREPROCESSOR_DEFINITIONS = (
					"DEBUG=1",
					"$(inherited)",
				);
				GCC_WARN_64_TO_32_BIT_CONVERSION = YES;
				GCC_WARN_ABOUT_RETURN_TYPE = YES_ERROR;
				GCC_WARN_UNDECLARED_SELECTOR = YES;
				GCC_WARN_UNINITIALIZED_AUTOS = YES_AGGRESSIVE;
				GCC_WARN_UNUSED_FUNCTION = YES;
				GCC_WARN_UNUSED_VARIABLE = YES;
				IPHONEOS_DEPLOYMENT_TARGET = 16.1;
				MTL_ENABLE_DEBUG_INFO = INCLUDE_SOURCE;
				MTL_FAST_MATH = YES;
				ONLY_ACTIVE_ARCH = YES;
				SDKROOT = iphoneos;
				SWIFT_ACTIVE_COMPILATION_CONDITIONS = DEBUG;
				SWIFT_OPTIMIZATION_LEVEL = "-Onone";
			};
			name = Debug;
		};
		931AB3552A12AAFC009F7A2D /* Release */ = {
			isa = XCBuildConfiguration;
			buildSettings = {
				ALWAYS_SEARCH_USER_PATHS = NO;
				CLANG_ANALYZER_NONNULL = YES;
				CLANG_ANALYZER_NUMBER_OBJECT_CONVERSION = YES_AGGRESSIVE;
				CLANG_CXX_LANGUAGE_STANDARD = "gnu++20";
				CLANG_ENABLE_MODULES = YES;
				CLANG_ENABLE_OBJC_ARC = YES;
				CLANG_ENABLE_OBJC_WEAK = YES;
				CLANG_WARN_BLOCK_CAPTURE_AUTORELEASING = YES;
				CLANG_WARN_BOOL_CONVERSION = YES;
				CLANG_WARN_COMMA = YES;
				CLANG_WARN_CONSTANT_CONVERSION = YES;
				CLANG_WARN_DEPRECATED_OBJC_IMPLEMENTATIONS = YES;
				CLANG_WARN_DIRECT_OBJC_ISA_USAGE = YES_ERROR;
				CLANG_WARN_DOCUMENTATION_COMMENTS = YES;
				CLANG_WARN_EMPTY_BODY = YES;
				CLANG_WARN_ENUM_CONVERSION = YES;
				CLANG_WARN_INFINITE_RECURSION = YES;
				CLANG_WARN_INT_CONVERSION = YES;
				CLANG_WARN_NON_LITERAL_NULL_CONVERSION = YES;
				CLANG_WARN_OBJC_IMPLICIT_RETAIN_SELF = YES;
				CLANG_WARN_OBJC_LITERAL_CONVERSION = YES;
				CLANG_WARN_OBJC_ROOT_CLASS = YES_ERROR;
				CLANG_WARN_QUOTED_INCLUDE_IN_FRAMEWORK_HEADER = YES;
				CLANG_WARN_RANGE_LOOP_ANALYSIS = YES;
				CLANG_WARN_STRICT_PROTOTYPES = YES;
				CLANG_WARN_SUSPICIOUS_MOVE = YES;
				CLANG_WARN_UNGUARDED_AVAILABILITY = YES_AGGRESSIVE;
				CLANG_WARN_UNREACHABLE_CODE = YES;
				CLANG_WARN__DUPLICATE_METHOD_MATCH = YES;
				COPY_PHASE_STRIP = NO;
				DEBUG_INFORMATION_FORMAT = "dwarf-with-dsym";
				ENABLE_NS_ASSERTIONS = NO;
				ENABLE_STRICT_OBJC_MSGSEND = YES;
				GCC_C_LANGUAGE_STANDARD = gnu11;
				GCC_NO_COMMON_BLOCKS = YES;
				GCC_WARN_64_TO_32_BIT_CONVERSION = YES;
				GCC_WARN_ABOUT_RETURN_TYPE = YES_ERROR;
				GCC_WARN_UNDECLARED_SELECTOR = YES;
				GCC_WARN_UNINITIALIZED_AUTOS = YES_AGGRESSIVE;
				GCC_WARN_UNUSED_FUNCTION = YES;
				GCC_WARN_UNUSED_VARIABLE = YES;
				IPHONEOS_DEPLOYMENT_TARGET = 16.1;
				MTL_ENABLE_DEBUG_INFO = NO;
				MTL_FAST_MATH = YES;
				SDKROOT = iphoneos;
				SWIFT_COMPILATION_MODE = wholemodule;
				SWIFT_OPTIMIZATION_LEVEL = "-O";
				VALIDATE_PRODUCT = YES;
			};
			name = Release;
		};
		931AB3572A12AAFC009F7A2D /* Debug */ = {
			isa = XCBuildConfiguration;
			buildSettings = {
				ASSETCATALOG_COMPILER_APPICON_NAME = AppIcon;
				ASSETCATALOG_COMPILER_GLOBAL_ACCENT_COLOR_NAME = AccentColor;
				CODE_SIGN_IDENTITY = "Apple Development";
				CODE_SIGN_STYLE = Automatic;
				CURRENT_PROJECT_VERSION = 1;
				DEVELOPMENT_TEAM = U2BKJ22455;
				GENERATE_INFOPLIST_FILE = YES;
				INFOPLIST_FILE = VoiceSearch/Info.plist;
				INFOPLIST_KEY_UIApplicationSupportsIndirectInputEvents = YES;
				INFOPLIST_KEY_UILaunchStoryboardName = LaunchScreen;
				INFOPLIST_KEY_UIMainStoryboardFile = VehicleListViewController;
				INFOPLIST_KEY_UISupportedInterfaceOrientations_iPad = "UIInterfaceOrientationPortrait UIInterfaceOrientationPortraitUpsideDown UIInterfaceOrientationLandscapeLeft UIInterfaceOrientationLandscapeRight";
				INFOPLIST_KEY_UISupportedInterfaceOrientations_iPhone = "UIInterfaceOrientationPortrait UIInterfaceOrientationLandscapeLeft UIInterfaceOrientationLandscapeRight";
				LD_RUNPATH_SEARCH_PATHS = (
					"$(inherited)",
					"@executable_path/Frameworks",
				);
				MARKETING_VERSION = 1.0;
				PRODUCT_BUNDLE_IDENTIFIER = com.joorgeroberto.VoiceSearch;
				PRODUCT_NAME = "$(TARGET_NAME)";
				PROVISIONING_PROFILE_SPECIFIER = "";
				SWIFT_EMIT_LOC_STRINGS = YES;
				SWIFT_VERSION = 5.0;
				TARGETED_DEVICE_FAMILY = "1,2";
			};
			name = Debug;
		};
		931AB3582A12AAFC009F7A2D /* Release */ = {
			isa = XCBuildConfiguration;
			buildSettings = {
				ASSETCATALOG_COMPILER_APPICON_NAME = AppIcon;
				ASSETCATALOG_COMPILER_GLOBAL_ACCENT_COLOR_NAME = AccentColor;
				CODE_SIGN_IDENTITY = "Apple Development";
				CODE_SIGN_STYLE = Automatic;
				CURRENT_PROJECT_VERSION = 1;
				DEVELOPMENT_TEAM = U2BKJ22455;
				GENERATE_INFOPLIST_FILE = YES;
				INFOPLIST_FILE = VoiceSearch/Info.plist;
				INFOPLIST_KEY_UIApplicationSupportsIndirectInputEvents = YES;
				INFOPLIST_KEY_UILaunchStoryboardName = LaunchScreen;
				INFOPLIST_KEY_UIMainStoryboardFile = VehicleListViewController;
				INFOPLIST_KEY_UISupportedInterfaceOrientations_iPad = "UIInterfaceOrientationPortrait UIInterfaceOrientationPortraitUpsideDown UIInterfaceOrientationLandscapeLeft UIInterfaceOrientationLandscapeRight";
				INFOPLIST_KEY_UISupportedInterfaceOrientations_iPhone = "UIInterfaceOrientationPortrait UIInterfaceOrientationLandscapeLeft UIInterfaceOrientationLandscapeRight";
				LD_RUNPATH_SEARCH_PATHS = (
					"$(inherited)",
					"@executable_path/Frameworks",
				);
				MARKETING_VERSION = 1.0;
				PRODUCT_BUNDLE_IDENTIFIER = com.joorgeroberto.VoiceSearch;
				PRODUCT_NAME = "$(TARGET_NAME)";
				PROVISIONING_PROFILE_SPECIFIER = "";
				SWIFT_EMIT_LOC_STRINGS = YES;
				SWIFT_VERSION = 5.0;
				TARGETED_DEVICE_FAMILY = "1,2";
			};
			name = Release;
		};
		931AB35A2A12AAFC009F7A2D /* Debug */ = {
			isa = XCBuildConfiguration;
			buildSettings = {
				ALWAYS_EMBED_SWIFT_STANDARD_LIBRARIES = YES;
				BUNDLE_LOADER = "$(TEST_HOST)";
				CODE_SIGN_STYLE = Automatic;
				CURRENT_PROJECT_VERSION = 1;
				DEVELOPMENT_TEAM = U2BKJ22455;
				GENERATE_INFOPLIST_FILE = YES;
				IPHONEOS_DEPLOYMENT_TARGET = 16.1;
				MARKETING_VERSION = 1.0;
				PRODUCT_BUNDLE_IDENTIFIER = com.joorgeroberto.VoiceSearchTests;
				PRODUCT_NAME = "$(TARGET_NAME)";
				SWIFT_EMIT_LOC_STRINGS = NO;
				SWIFT_VERSION = 5.0;
				TARGETED_DEVICE_FAMILY = "1,2";
				TEST_HOST = "$(BUILT_PRODUCTS_DIR)/VoiceSearch.app/$(BUNDLE_EXECUTABLE_FOLDER_PATH)/VoiceSearch";
			};
			name = Debug;
		};
		931AB35B2A12AAFC009F7A2D /* Release */ = {
			isa = XCBuildConfiguration;
			buildSettings = {
				ALWAYS_EMBED_SWIFT_STANDARD_LIBRARIES = YES;
				BUNDLE_LOADER = "$(TEST_HOST)";
				CODE_SIGN_STYLE = Automatic;
				CURRENT_PROJECT_VERSION = 1;
				DEVELOPMENT_TEAM = U2BKJ22455;
				GENERATE_INFOPLIST_FILE = YES;
				IPHONEOS_DEPLOYMENT_TARGET = 16.1;
				MARKETING_VERSION = 1.0;
				PRODUCT_BUNDLE_IDENTIFIER = com.joorgeroberto.VoiceSearchTests;
				PRODUCT_NAME = "$(TARGET_NAME)";
				SWIFT_EMIT_LOC_STRINGS = NO;
				SWIFT_VERSION = 5.0;
				TARGETED_DEVICE_FAMILY = "1,2";
				TEST_HOST = "$(BUILT_PRODUCTS_DIR)/VoiceSearch.app/$(BUNDLE_EXECUTABLE_FOLDER_PATH)/VoiceSearch";
			};
			name = Release;
		};
		931AB35D2A12AAFC009F7A2D /* Debug */ = {
			isa = XCBuildConfiguration;
			buildSettings = {
				ALWAYS_EMBED_SWIFT_STANDARD_LIBRARIES = YES;
				CODE_SIGN_STYLE = Automatic;
				CURRENT_PROJECT_VERSION = 1;
				DEVELOPMENT_TEAM = U2BKJ22455;
				GENERATE_INFOPLIST_FILE = YES;
				MARKETING_VERSION = 1.0;
				PRODUCT_BUNDLE_IDENTIFIER = com.joorgeroberto.VoiceSearchUITests;
				PRODUCT_NAME = "$(TARGET_NAME)";
				SWIFT_EMIT_LOC_STRINGS = NO;
				SWIFT_VERSION = 5.0;
				TARGETED_DEVICE_FAMILY = "1,2";
				TEST_TARGET_NAME = VoiceSearch;
			};
			name = Debug;
		};
		931AB35E2A12AAFC009F7A2D /* Release */ = {
			isa = XCBuildConfiguration;
			buildSettings = {
				ALWAYS_EMBED_SWIFT_STANDARD_LIBRARIES = YES;
				CODE_SIGN_STYLE = Automatic;
				CURRENT_PROJECT_VERSION = 1;
				DEVELOPMENT_TEAM = U2BKJ22455;
				GENERATE_INFOPLIST_FILE = YES;
				MARKETING_VERSION = 1.0;
				PRODUCT_BUNDLE_IDENTIFIER = com.joorgeroberto.VoiceSearchUITests;
				PRODUCT_NAME = "$(TARGET_NAME)";
				SWIFT_EMIT_LOC_STRINGS = NO;
				SWIFT_VERSION = 5.0;
				TARGETED_DEVICE_FAMILY = "1,2";
				TEST_TARGET_NAME = VoiceSearch;
			};
			name = Release;
		};
/* End XCBuildConfiguration section */

/* Begin XCConfigurationList section */
		931AB3272A12AAFB009F7A2D /* Build configuration list for PBXProject "VoiceSearch" */ = {
			isa = XCConfigurationList;
			buildConfigurations = (
				931AB3542A12AAFC009F7A2D /* Debug */,
				931AB3552A12AAFC009F7A2D /* Release */,
			);
			defaultConfigurationIsVisible = 0;
			defaultConfigurationName = Release;
		};
		931AB3562A12AAFC009F7A2D /* Build configuration list for PBXNativeTarget "VoiceSearch" */ = {
			isa = XCConfigurationList;
			buildConfigurations = (
				931AB3572A12AAFC009F7A2D /* Debug */,
				931AB3582A12AAFC009F7A2D /* Release */,
			);
			defaultConfigurationIsVisible = 0;
			defaultConfigurationName = Release;
		};
		931AB3592A12AAFC009F7A2D /* Build configuration list for PBXNativeTarget "VoiceSearchTests" */ = {
			isa = XCConfigurationList;
			buildConfigurations = (
				931AB35A2A12AAFC009F7A2D /* Debug */,
				931AB35B2A12AAFC009F7A2D /* Release */,
			);
			defaultConfigurationIsVisible = 0;
			defaultConfigurationName = Release;
		};
		931AB35C2A12AAFC009F7A2D /* Build configuration list for PBXNativeTarget "VoiceSearchUITests" */ = {
			isa = XCConfigurationList;
			buildConfigurations = (
				931AB35D2A12AAFC009F7A2D /* Debug */,
				931AB35E2A12AAFC009F7A2D /* Release */,
			);
			defaultConfigurationIsVisible = 0;
			defaultConfigurationName = Release;
		};
/* End XCConfigurationList section */
	};
	rootObject = 931AB3242A12AAFB009F7A2D /* Project object */;
}
